
Microsoft Visual Studio Solution File, Format Version 12.00
# Visual Studio Version 17
VisualStudioVersion = 17.7.34031.279
MinimumVisualStudioVersion = 10.0.40219.1
Project("{FAE04EC0-301F-11D3-BF4B-00C04F79EFBC}") = "WebAPIproyecto", "WebAPIproyecto\WebAPIproyecto.csproj", "{3257C2EF-7DA4-4958-81E3-5CDFDCE6BA1B}"
EndProject
Global
	GlobalSection(SolutionConfigurationPlatforms) = preSolution
		Debug|Any CPU = Debug|Any CPU
		Release|Any CPU = Release|Any CPU
	EndGlobalSection
	GlobalSection(ProjectConfigurationPlatforms) = postSolution
		{3257C2EF-7DA4-4958-81E3-5CDFDCE6BA1B}.Debug|Any CPU.ActiveCfg = Debug|Any CPU
		{3257C2EF-7DA4-4958-81E3-5CDFDCE6BA1B}.Debug|Any CPU.Build.0 = Debug|Any CPU
		{3257C2EF-7DA4-4958-81E3-5CDFDCE6BA1B}.Release|Any CPU.ActiveCfg = Release|Any CPU
		{3257C2EF-7DA4-4958-81E3-5CDFDCE6BA1B}.Release|Any CPU.Build.0 = Release|Any CPU
	EndGlobalSection
	GlobalSection(SolutionProperties) = preSolution
		HideSolutionNode = FALSE
	EndGlobalSection
	GlobalSection(ExtensibilityGlobals) = postSolution
		SolutionGuid = {A7616133-2D74-4528-9F1C-202D6B299564}
	EndGlobalSection
EndGlobal
